
Microsoft Visual Studio Solution File, Format Version 12.00
# Visual Studio Version 16
VisualStudioVersion = 16.0.30204.135
MinimumVisualStudioVersion = 10.0.40219.1
Project("{9A19103F-16F7-4668-BE54-9A1E7A4F7556}") = "TcpServer", "TcpServer.csproj", "{1EFE44AF-682D-4522-8C0E-87E534203C53}"
EndProject
Project("{FAE04EC0-301F-11D3-BF4B-00C04F79EFBC}") = "TcpServer.UnitTests", "..\TcpServer.UnitTests\TcpServer.UnitTests.csproj", "{2AF98825-78E3-43CD-B1F4-C7DB6F1E2272}"
EndProject
Global
	GlobalSection(SolutionConfigurationPlatforms) = preSolution
		Debug|Any CPU = Debug|Any CPU
		Release|Any CPU = Release|Any CPU
	EndGlobalSection
	GlobalSection(ProjectConfigurationPlatforms) = postSolution
		{1EFE44AF-682D-4522-8C0E-87E534203C53}.Debug|Any CPU.ActiveCfg = Debug|Any CPU
		{1EFE44AF-682D-4522-8C0E-87E534203C53}.Debug|Any CPU.Build.0 = Debug|Any CPU
		{1EFE44AF-682D-4522-8C0E-87E534203C53}.Release|Any CPU.ActiveCfg = Release|Any CPU
		{1EFE44AF-682D-4522-8C0E-87E534203C53}.Release|Any CPU.Build.0 = Release|Any CPU
		{2AF98825-78E3-43CD-B1F4-C7DB6F1E2272}.Debug|Any CPU.ActiveCfg = Debug|Any CPU
		{2AF98825-78E3-43CD-B1F4-C7DB6F1E2272}.Debug|Any CPU.Build.0 = Debug|Any CPU
		{2AF98825-78E3-43CD-B1F4-C7DB6F1E2272}.Release|Any CPU.ActiveCfg = Release|Any CPU
		{2AF98825-78E3-43CD-B1F4-C7DB6F1E2272}.Release|Any CPU.Build.0 = Release|Any CPU
	EndGlobalSection
	GlobalSection(SolutionProperties) = preSolution
		HideSolutionNode = FALSE
	EndGlobalSection
	GlobalSection(ExtensibilityGlobals) = postSolution
		SolutionGuid = {F1DC5059-0277-4A6A-A64C-139720887262}
	EndGlobalSection
EndGlobal
